
Microsoft Visual Studio Solution File, Format Version 12.00
# Visual Studio Version 16
VisualStudioVersion = 16.0.32630.194
MinimumVisualStudioVersion = 10.0.40219.1
Project("{FAE04EC0-301F-11D3-BF4B-00C04F79EFBC}") = "ETradeProject", "ETradeProject\ETradeProject.csproj", "{64CB116D-6762-4F16-A060-0D3056C03C36}"
EndProject
Global
	GlobalSection(SolutionConfigurationPlatforms) = preSolution
		Debug|Any CPU = Debug|Any CPU
		Release|Any CPU = Release|Any CPU
	EndGlobalSection
	GlobalSection(ProjectConfigurationPlatforms) = postSolution
		{64CB116D-6762-4F16-A060-0D3056C03C36}.Debug|Any CPU.ActiveCfg = Debug|Any CPU
		{64CB116D-6762-4F16-A060-0D3056C03C36}.Debug|Any CPU.Build.0 = Debug|Any CPU
		{64CB116D-6762-4F16-A060-0D3056C03C36}.Release|Any CPU.ActiveCfg = Release|Any CPU
		{64CB116D-6762-4F16-A060-0D3056C03C36}.Release|Any CPU.Build.0 = Release|Any CPU
	EndGlobalSection
	GlobalSection(SolutionProperties) = preSolution
		HideSolutionNode = FALSE
	EndGlobalSection
	GlobalSection(ExtensibilityGlobals) = postSolution
		SolutionGuid = {0B02AE32-096A-4C25-A86F-AD15C53748E3}
	EndGlobalSection
EndGlobal
